
Microsoft Visual Studio Solution File, Format Version 12.00
# Visual Studio Version 17
VisualStudioVersion = 17.0.31903.59
MinimumVisualStudioVersion = 10.0.40219.1
Project("{FAE04EC0-301F-11D3-BF4B-00C04F79EFBC}") = "PracticeApi", "PracticeApi\PracticeApi.csproj", "{097A1C75-8336-47D9-9977-A5A5C01BF377}"
EndProject
Project("{FAE04EC0-301F-11D3-BF4B-00C04F79EFBC}") = "PracticeApiTests", "PracticeApiTests\PracticeApiTests.csproj", "{5F67E3BA-FEDE-467D-B28A-8BFB2BE98F31}"
EndProject
Global
	GlobalSection(SolutionConfigurationPlatforms) = preSolution
		Debug|Any CPU = Debug|Any CPU
		Debug|x64 = Debug|x64
		Debug|x86 = Debug|x86
		Release|Any CPU = Release|Any CPU
		Release|x64 = Release|x64
		Release|x86 = Release|x86
	EndGlobalSection
	GlobalSection(ProjectConfigurationPlatforms) = postSolution
		{097A1C75-8336-47D9-9977-A5A5C01BF377}.Debug|Any CPU.ActiveCfg = Debug|Any CPU
		{097A1C75-8336-47D9-9977-A5A5C01BF377}.Debug|Any CPU.Build.0 = Debug|Any CPU
		{097A1C75-8336-47D9-9977-A5A5C01BF377}.Debug|x64.ActiveCfg = Debug|Any CPU
		{097A1C75-8336-47D9-9977-A5A5C01BF377}.Debug|x64.Build.0 = Debug|Any CPU
		{097A1C75-8336-47D9-9977-A5A5C01BF377}.Debug|x86.ActiveCfg = Debug|Any CPU
		{097A1C75-8336-47D9-9977-A5A5C01BF377}.Debug|x86.Build.0 = Debug|Any CPU
		{097A1C75-8336-47D9-9977-A5A5C01BF377}.Release|Any CPU.ActiveCfg = Release|Any CPU
		{097A1C75-8336-47D9-9977-A5A5C01BF377}.Release|Any CPU.Build.0 = Release|Any CPU
		{097A1C75-8336-47D9-9977-A5A5C01BF377}.Release|x64.ActiveCfg = Release|Any CPU
		{097A1C75-8336-47D9-9977-A5A5C01BF377}.Release|x64.Build.0 = Release|Any CPU
		{097A1C75-8336-47D9-9977-A5A5C01BF377}.Release|x86.ActiveCfg = Release|Any CPU
		{097A1C75-8336-47D9-9977-A5A5C01BF377}.Release|x86.Build.0 = Release|Any CPU
		{5F67E3BA-FEDE-467D-B28A-8BFB2BE98F31}.Debug|Any CPU.ActiveCfg = Debug|Any CPU
		{5F67E3BA-FEDE-467D-B28A-8BFB2BE98F31}.Debug|Any CPU.Build.0 = Debug|Any CPU
		{5F67E3BA-FEDE-467D-B28A-8BFB2BE98F31}.Debug|x64.ActiveCfg = Debug|Any CPU
		{5F67E3BA-FEDE-467D-B28A-8BFB2BE98F31}.Debug|x64.Build.0 = Debug|Any CPU
		{5F67E3BA-FEDE-467D-B28A-8BFB2BE98F31}.Debug|x86.ActiveCfg = Debug|Any CPU
		{5F67E3BA-FEDE-467D-B28A-8BFB2BE98F31}.Debug|x86.Build.0 = Debug|Any CPU
		{5F67E3BA-FEDE-467D-B28A-8BFB2BE98F31}.Release|Any CPU.ActiveCfg = Release|Any CPU
		{5F67E3BA-FEDE-467D-B28A-8BFB2BE98F31}.Release|Any CPU.Build.0 = Release|Any CPU
		{5F67E3BA-FEDE-467D-B28A-8BFB2BE98F31}.Release|x64.ActiveCfg = Release|Any CPU
		{5F67E3BA-FEDE-467D-B28A-8BFB2BE98F31}.Release|x64.Build.0 = Release|Any CPU
		{5F67E3BA-FEDE-467D-B28A-8BFB2BE98F31}.Release|x86.ActiveCfg = Release|Any CPU
		{5F67E3BA-FEDE-467D-B28A-8BFB2BE98F31}.Release|x86.Build.0 = Release|Any CPU
	EndGlobalSection
	GlobalSection(SolutionProperties) = preSolution
		HideSolutionNode = FALSE
	EndGlobalSection
EndGlobal
